
Microsoft Visual Studio Solution File, Format Version 12.00
# Visual Studio Version 16
VisualStudioVersion = 16.0.30204.135
MinimumVisualStudioVersion = 10.0.40219.1
Project("{FAE04EC0-301F-11D3-BF4B-00C04F79EFBC}") = "Potato.Fastboot", "Potato.Fastboot\Potato.Fastboot.csproj", "{19BD85FE-1B3B-4088-9342-B0761A931CD0}"
EndProject
Global
	GlobalSection(SolutionConfigurationPlatforms) = preSolution
		Debug|Any CPU = Debug|Any CPU
		Release|Any CPU = Release|Any CPU
	EndGlobalSection
	GlobalSection(ProjectConfigurationPlatforms) = postSolution
		{19BD85FE-1B3B-4088-9342-B0761A931CD0}.Debug|Any CPU.ActiveCfg = Debug|Any CPU
		{19BD85FE-1B3B-4088-9342-B0761A931CD0}.Debug|Any CPU.Build.0 = Debug|Any CPU
		{19BD85FE-1B3B-4088-9342-B0761A931CD0}.Release|Any CPU.ActiveCfg = Release|Any CPU
		{19BD85FE-1B3B-4088-9342-B0761A931CD0}.Release|Any CPU.Build.0 = Release|Any CPU
	EndGlobalSection
	GlobalSection(SolutionProperties) = preSolution
		HideSolutionNode = FALSE
	EndGlobalSection
	GlobalSection(ExtensibilityGlobals) = postSolution
		SolutionGuid = {3C05F037-BA3F-4E30-B986-0A11798B3345}
	EndGlobalSection
EndGlobal
